
Microsoft Visual Studio Solution File, Format Version 12.00
# Visual Studio Version 17
VisualStudioVersion = 17.1.32407.343
MinimumVisualStudioVersion = 10.0.40219.1
Project("{FAE04EC0-301F-11D3-BF4B-00C04F79EFBC}") = "My Conways Game Of Life", "My Conways Game Of Life.csproj", "{C336C26B-73D5-4BC7-963A-BD61A05D2D53}"
EndProject
Global
	GlobalSection(SolutionConfigurationPlatforms) = preSolution
		Debug|Any CPU = Debug|Any CPU
		Release|Any CPU = Release|Any CPU
	EndGlobalSection
	GlobalSection(ProjectConfigurationPlatforms) = postSolution
		{C336C26B-73D5-4BC7-963A-BD61A05D2D53}.Debug|Any CPU.ActiveCfg = Debug|Any CPU
		{C336C26B-73D5-4BC7-963A-BD61A05D2D53}.Debug|Any CPU.Build.0 = Debug|Any CPU
		{C336C26B-73D5-4BC7-963A-BD61A05D2D53}.Release|Any CPU.ActiveCfg = Release|Any CPU
		{C336C26B-73D5-4BC7-963A-BD61A05D2D53}.Release|Any CPU.Build.0 = Release|Any CPU
	EndGlobalSection
	GlobalSection(SolutionProperties) = preSolution
		HideSolutionNode = FALSE
	EndGlobalSection
	GlobalSection(ExtensibilityGlobals) = postSolution
		SolutionGuid = {BD40E35A-1E71-4B2B-A52D-F9608C5793D6}
	EndGlobalSection
EndGlobal
